
Microsoft Visual Studio Solution File, Format Version 12.00
# Visual Studio 2012
Project("{D954291E-2A0B-460D-934E-DC6B0785DB48}") = "HelloWorld", "HelloWorld\HelloWorld.shproj", "{FECD8DFA-B575-4031-87C7-69E1DEF80E73}"
EndProject
Project("{FAE04EC0-301F-11D3-BF4B-00C04F79EFBC}") = "HelloWorld.iOS", "iOS\HelloWorld.iOS.csproj", "{5EB0DD5C-55B8-4FAB-BA2D-9798D90B3E32}"
EndProject
Project("{FAE04EC0-301F-11D3-BF4B-00C04F79EFBC}") = "HelloWorld.Droid", "Droid\HelloWorld.Droid.csproj", "{1247E21B-828E-434B-BD06-2EAC65FF1D1C}"
EndProject
Global
	GlobalSection(SolutionConfigurationPlatforms) = preSolution
		Debug|iPhoneSimulator = Debug|iPhoneSimulator
		Release|iPhone = Release|iPhone
		Release|iPhoneSimulator = Release|iPhoneSimulator
		Debug|iPhone = Debug|iPhone
		Debug|Any CPU = Debug|Any CPU
		Release|Any CPU = Release|Any CPU
	EndGlobalSection
	GlobalSection(ProjectConfigurationPlatforms) = postSolution
		{5EB0DD5C-55B8-4FAB-BA2D-9798D90B3E32}.Debug|iPhoneSimulator.ActiveCfg = Debug|iPhoneSimulator
		{5EB0DD5C-55B8-4FAB-BA2D-9798D90B3E32}.Debug|iPhoneSimulator.Build.0 = Debug|iPhoneSimulator
		{5EB0DD5C-55B8-4FAB-BA2D-9798D90B3E32}.Release|iPhone.ActiveCfg = Release|iPhone
		{5EB0DD5C-55B8-4FAB-BA2D-9798D90B3E32}.Release|iPhone.Build.0 = Release|iPhone
		{5EB0DD5C-55B8-4FAB-BA2D-9798D90B3E32}.Release|iPhoneSimulator.ActiveCfg = Release|iPhoneSimulator
		{5EB0DD5C-55B8-4FAB-BA2D-9798D90B3E32}.Release|iPhoneSimulator.Build.0 = Release|iPhoneSimulator
		{5EB0DD5C-55B8-4FAB-BA2D-9798D90B3E32}.Debug|iPhone.ActiveCfg = Debug|iPhone
		{5EB0DD5C-55B8-4FAB-BA2D-9798D90B3E32}.Debug|iPhone.Build.0 = Debug|iPhone
		{5EB0DD5C-55B8-4FAB-BA2D-9798D90B3E32}.Debug|Any CPU.ActiveCfg = Debug|iPhoneSimulator
		{5EB0DD5C-55B8-4FAB-BA2D-9798D90B3E32}.Debug|Any CPU.Build.0 = Debug|iPhoneSimulator
		{5EB0DD5C-55B8-4FAB-BA2D-9798D90B3E32}.Release|Any CPU.ActiveCfg = Release|iPhone
		{5EB0DD5C-55B8-4FAB-BA2D-9798D90B3E32}.Release|Any CPU.Build.0 = Release|iPhone
		{1247E21B-828E-434B-BD06-2EAC65FF1D1C}.Debug|iPhoneSimulator.ActiveCfg = Debug|Any CPU
		{1247E21B-828E-434B-BD06-2EAC65FF1D1C}.Debug|iPhoneSimulator.Build.0 = Debug|Any CPU
		{1247E21B-828E-434B-BD06-2EAC65FF1D1C}.Release|iPhone.ActiveCfg = Release|Any CPU
		{1247E21B-828E-434B-BD06-2EAC65FF1D1C}.Release|iPhone.Build.0 = Release|Any CPU
		{1247E21B-828E-434B-BD06-2EAC65FF1D1C}.Release|iPhoneSimulator.ActiveCfg = Release|Any CPU
		{1247E21B-828E-434B-BD06-2EAC65FF1D1C}.Release|iPhoneSimulator.Build.0 = Release|Any CPU
		{1247E21B-828E-434B-BD06-2EAC65FF1D1C}.Debug|iPhone.ActiveCfg = Debug|Any CPU
		{1247E21B-828E-434B-BD06-2EAC65FF1D1C}.Debug|iPhone.Build.0 = Debug|Any CPU
		{1247E21B-828E-434B-BD06-2EAC65FF1D1C}.Debug|Any CPU.ActiveCfg = Debug|Any CPU
		{1247E21B-828E-434B-BD06-2EAC65FF1D1C}.Debug|Any CPU.Build.0 = Debug|Any CPU
		{1247E21B-828E-434B-BD06-2EAC65FF1D1C}.Release|Any CPU.ActiveCfg = Release|Any CPU
		{1247E21B-828E-434B-BD06-2EAC65FF1D1C}.Release|Any CPU.Build.0 = Release|Any CPU
	EndGlobalSection
EndGlobal
